
Microsoft Visual Studio Solution File, Format Version 12.00
# Visual Studio Version 17
VisualStudioVersion = 17.0.31919.166
MinimumVisualStudioVersion = 10.0.40219.1
Project("{FAE04EC0-301F-11D3-BF4B-00C04F79EFBC}") = "ChessBoardConsole", "ChessBoard\ChessBoardConsole.csproj", "{1AABA905-CD83-411C-A143-CF1A7E7AD929}"
EndProject
Project("{FAE04EC0-301F-11D3-BF4B-00C04F79EFBC}") = "ChessBoardLibrary", "ChessBoardLibrary\ChessBoardLibrary.csproj", "{F054BF85-840B-43CD-B15F-4C0633AF5ECA}"
EndProject
Global
	GlobalSection(SolutionConfigurationPlatforms) = preSolution
		Debug|Any CPU = Debug|Any CPU
		Release|Any CPU = Release|Any CPU
	EndGlobalSection
	GlobalSection(ProjectConfigurationPlatforms) = postSolution
		{1AABA905-CD83-411C-A143-CF1A7E7AD929}.Debug|Any CPU.ActiveCfg = Debug|Any CPU
		{1AABA905-CD83-411C-A143-CF1A7E7AD929}.Debug|Any CPU.Build.0 = Debug|Any CPU
		{1AABA905-CD83-411C-A143-CF1A7E7AD929}.Release|Any CPU.ActiveCfg = Release|Any CPU
		{1AABA905-CD83-411C-A143-CF1A7E7AD929}.Release|Any CPU.Build.0 = Release|Any CPU
		{F054BF85-840B-43CD-B15F-4C0633AF5ECA}.Debug|Any CPU.ActiveCfg = Debug|Any CPU
		{F054BF85-840B-43CD-B15F-4C0633AF5ECA}.Debug|Any CPU.Build.0 = Debug|Any CPU
		{F054BF85-840B-43CD-B15F-4C0633AF5ECA}.Release|Any CPU.ActiveCfg = Release|Any CPU
		{F054BF85-840B-43CD-B15F-4C0633AF5ECA}.Release|Any CPU.Build.0 = Release|Any CPU
	EndGlobalSection
	GlobalSection(SolutionProperties) = preSolution
		HideSolutionNode = FALSE
	EndGlobalSection
	GlobalSection(ExtensibilityGlobals) = postSolution
		SolutionGuid = {63064318-96E1-4ED2-97AE-1154A22C0A87}
	EndGlobalSection
EndGlobal
